<?xml version="1.0" encoding="utf-8"?>
<Project ToolsVersion="4.0" xmlns="http://schemas.microsoft.com/developer/msbuild/2003">
  <ItemGroup>
    <Filter Include="Source Files">
      <UniqueIdentifier>{4FC737F1-C7A5-4376-A066-2A32D752A2FF}</UniqueIdentifier>
      <Extensions>cpp;c;cc;cxx;def;odl;idl;hpj;bat;asm;asmx</Extensions>
    </Filter>
    <Filter Include="Header Files">
      <UniqueIdentifier>{93995380-89BD-4b04-88EB-625FBE52EBFB}</UniqueIdentifier>
      <Extensions>h;hpp;hxx;hm;inl;inc;xsd</Extensions>
    </Filter>
    <Filter Include="Resource Files">
      <UniqueIdentifier>{67DA6AB6-F800-4c08-8B7A-83BB121AAD01}</UniqueIdentifier>
      <Extensions>rc;ico;cur;bmp;dlg;rc2;rct;bin;rgs;gif;jpg;jpeg;jpe;resx;tiff;tif;png;wav;mfcribbon-ms</Extensions>
    </Filter>
    <Filter Include="ScoreFollower">
      <UniqueIdentifier>{4e7c18c6-7ec4-484b-bba0-246552601bb7}</UniqueIdentifier>
    </Filter>
  </ItemGroup>
  <ItemGroup>
    <ClInclude Include="ScoreFollower\ScoreReader.h">
      <Filter>ScoreFollower</Filter>
    </ClInclude>
    <ClInclude Include="ScoreFollower\TrackReader.h">
      <Filter>ScoreFollower</Filter>
    </ClInclude>
    <ClInclude Include="ScoreFollower\Follower.h">
      <Filter>ScoreFollower</Filter>
    </ClInclude>
    <ClInclude Include="ScoreFollower\types.h">
      <Filter>ScoreFollower</Filter>
    </ClInclude>
    <ClInclude Include="src\TimeWarper.h">
      <Filter>Header Files</Filter>
    </ClInclude>
    <ClInclude Include="src\AudioBlockTimeManager.h">
      <Filter>Header Files</Filter>
    </ClInclude>
    <ClInclude Include="src\TempoFollower.h">
      <Filter>Header Files</Filter>
    </ClInclude>
    <ClInclude Include="src\TempoMap.h">
      <Filter>Header Files</Filter>
    </ClInclude>
    <ClInclude Include="ScoreFollower\FollowerStatus.h">
      <Filter>ScoreFollower</Filter>
    </ClInclude>
    <ClInclude Include="ScoreFollower\FollowerOptions.h">
      <Filter>ScoreFollower</Filter>
    </ClInclude>
    <ClInclude Include="src\FollowerImpl.h">
      <Filter>Header Files</Filter>
    </ClInclude>
    <ClInclude Include="src\ScoreHelper.h">
      <Filter>Header Files</Filter>
    </ClInclude>
    <ClInclude Include="src\TimeHelper.h">
      <Filter>Header Files</Filter>
    </ClInclude>
    <ClInclude Include="ScoreFollower\ScoreEvent.h">
      <Filter>ScoreFollower</Filter>
    </ClInclude>
    <ClInclude Include="src\InstrumentPatchSwitcher.h">
      <Filter>Header Files</Filter>
    </ClInclude>
    <ClInclude Include="src\BeatClassification.h">
      <Filter>Header Files</Filter>
    </ClInclude>
    <ClInclude Include="src\StartTempoEstimator.h">
      <Filter>Header Files</Filter>
    </ClInclude>
    <ClInclude Include="src\ScorePosition.h">
      <Filter>Header Files</Filter>
    </ClInclude>
    <ClInclude Include="src\BeatClassifier.h">
      <Filter>Header Files</Filter>
    </ClInclude>
    <ClInclude Include="src\BarProgressEstimator.h">
      <Filter>Header Files</Filter>
    </ClInclude>
    <ClInclude Include="src\Fermata.h">
      <Filter>Header Files</Filter>
    </ClInclude>
    <ClInclude Include="ScoreFollower\StatusEvents.h">
      <Filter>ScoreFollower</Filter>
    </ClInclude>
    <ClInclude Include="src\TempoFollowerScoreEventBuilder.h">
      <Filter>Header Files</Filter>
    </ClInclude>
    <ClInclude Include="src\TempoFunction.h">
      <Filter>Header Files</Filter>
    </ClInclude>
    <ClInclude Include="src\BeatScorer.h">
      <Filter>Header Files</Filter>
    </ClInclude>
    <ClInclude Include="src\ProgressFollowingBeatClassifier.h">
      <Filter>Header Files</Filter>
    </ClInclude>
    <ClInclude Include="src\BeatPattern.h">
      <Filter>Header Files</Filter>
    </ClInclude>
  </ItemGroup>
  <ItemGroup>
    <ClCompile Include="src\TimeWarper.cpp">
      <Filter>Source Files</Filter>
    </ClCompile>
    <ClCompile Include="src\AudioBlockTimeManager.cpp">
      <Filter>Source Files</Filter>
    </ClCompile>
    <ClCompile Include="src\TempoFollower.cpp">
      <Filter>Source Files</Filter>
    </ClCompile>
    <ClCompile Include="src\TempoMap.cpp">
      <Filter>Source Files</Filter>
    </ClCompile>
    <ClCompile Include="src\FollowerImpl.cpp">
      <Filter>Source Files</Filter>
    </ClCompile>
    <ClCompile Include="src\ScoreHelper.cpp">
      <Filter>Source Files</Filter>
    </ClCompile>
    <ClCompile Include="src\TimeHelper.cpp">
      <Filter>Source Files</Filter>
    </ClCompile>
    <ClCompile Include="src\InstrumentPatchSwitcher.cpp">
      <Filter>Source Files</Filter>
    </ClCompile>
    <ClCompile Include="src\StartTempoEstimator.cpp">
      <Filter>Source Files</Filter>
    </ClCompile>
    <ClCompile Include="src\BarProgressEstimator.cpp">
      <Filter>Source Files</Filter>
    </ClCompile>
    <ClCompile Include="src\TempoFunction.cpp">
      <Filter>Source Files</Filter>
    </ClCompile>
    <ClCompile Include="src\BeatScorer.cpp">
      <Filter>Source Files</Filter>
    </ClCompile>
    <ClCompile Include="src\ProgressFollowingBeatClassifier.cpp">
      <Filter>Source Files</Filter>
    </ClCompile>
    <ClCompile Include="src\BeatPattern.cpp">
      <Filter>Source Files</Filter>
    </ClCompile>
  </ItemGroup>
</Project>