<?xml version="1.0" encoding="utf-8"?>
<Project ToolsVersion="4.0" xmlns="http://schemas.microsoft.com/developer/msbuild/2003">
  <ItemGroup>
    <Filter Include="Source Files">
      <UniqueIdentifier>{4FC737F1-C7A5-4376-A066-2A32D752A2FF}</UniqueIdentifier>
      <Extensions>cpp;c;cc;cxx;def;odl;idl;hpj;bat;asm;asmx</Extensions>
    </Filter>
    <Filter Include="Header Files">
      <UniqueIdentifier>{93995380-89BD-4b04-88EB-625FBE52EBFB}</UniqueIdentifier>
      <Extensions>h;hpp;hxx;hm;inl;inc;xsd</Extensions>
    </Filter>
    <Filter Include="cf">
      <UniqueIdentifier>{5007e23f-d6a0-454a-8a97-d66cf661fcea}</UniqueIdentifier>
    </Filter>
    <Filter Include="tlsf">
      <UniqueIdentifier>{0269328e-6c00-40ac-8b24-85504a91a467}</UniqueIdentifier>
    </Filter>
  </ItemGroup>
  <ItemGroup>
    <ClInclude Include="cf\time.h">
      <Filter>cf</Filter>
    </ClInclude>
    <ClInclude Include="cf\geometry.h">
      <Filter>cf</Filter>
    </ClInclude>
    <ClInclude Include="cf\math.h">
      <Filter>cf</Filter>
    </ClInclude>
    <ClInclude Include="cf\EventBuffer.h">
      <Filter>cf</Filter>
    </ClInclude>
    <ClInclude Include="cf\LockfreeThread.h">
      <Filter>cf</Filter>
    </ClInclude>
    <ClInclude Include="cf\Logger.h">
      <Filter>cf</Filter>
    </ClInclude>
    <ClInclude Include="cf\ButlerThread.h">
      <Filter>cf</Filter>
    </ClInclude>
    <ClInclude Include="cf\ChangeTracked.h">
      <Filter>cf</Filter>
    </ClInclude>
    <ClInclude Include="cf\FusionMap.h">
      <Filter>cf</Filter>
    </ClInclude>
    <ClInclude Include="cf\Limited.h">
      <Filter>cf</Filter>
    </ClInclude>
    <ClInclude Include="cf\StatusItem.h">
      <Filter>cf</Filter>
    </ClInclude>
    <ClInclude Include="cf\FusionMapMacros.h">
      <Filter>cf</Filter>
    </ClInclude>
    <ClInclude Include="cf\StatusGroup.h">
      <Filter>cf</Filter>
    </ClInclude>
    <ClInclude Include="cf\StringEnum.h">
      <Filter>cf</Filter>
    </ClInclude>
    <ClInclude Include="cf\algorithm.h">
      <Filter>cf</Filter>
    </ClInclude>
    <ClInclude Include="cf\rcu.h">
      <Filter>cf</Filter>
    </ClInclude>
    <ClInclude Include="cf\globals.h">
      <Filter>cf</Filter>
    </ClInclude>
    <ClInclude Include="cf\serialization.h">
      <Filter>cf</Filter>
    </ClInclude>
    <ClInclude Include="cf\physics.h">
      <Filter>cf</Filter>
    </ClInclude>
    <ClInclude Include="cf\score_units.h">
      <Filter>cf</Filter>
    </ClInclude>
    <ClInclude Include="cf\LogItem.h">
      <Filter>cf</Filter>
    </ClInclude>
    <ClInclude Include="cf\dummy_mutex.h">
      <Filter>cf</Filter>
    </ClInclude>
    <ClInclude Include="cf\inverse_matrix.h">
      <Filter>cf</Filter>
    </ClInclude>
    <ClInclude Include="cf\polynomial.h">
      <Filter>cf</Filter>
    </ClInclude>
    <ClInclude Include="tlsf\tlsf.h">
      <Filter>tlsf</Filter>
    </ClInclude>
    <ClInclude Include="tlsf\tlsfbits.h">
      <Filter>tlsf</Filter>
    </ClInclude>
    <ClInclude Include="cf\TlsfAllocator.h">
      <Filter>cf</Filter>
    </ClInclude>
    <ClInclude Include="cf\vector_helpers.h">
      <Filter>cf</Filter>
    </ClInclude>
    <ClInclude Include="cf\VectorND.h">
      <Filter>cf</Filter>
    </ClInclude>
    <ClInclude Include="cf\SavitzkyGolay.h">
      <Filter>cf</Filter>
    </ClInclude>
    <ClInclude Include="cf\Fir.h">
      <Filter>cf</Filter>
    </ClInclude>
    <ClInclude Include="cf\PeakHolder.h">
      <Filter>cf</Filter>
    </ClInclude>
    <ClInclude Include="cf\LockfreeRefCount.h">
      <Filter>cf</Filter>
    </ClInclude>
    <ClInclude Include="cf\ButlerDeletable.h">
      <Filter>cf</Filter>
    </ClInclude>
    <ClInclude Include="cf\ButlerDeleter.h">
      <Filter>cf</Filter>
    </ClInclude>
    <ClInclude Include="cf\ValueWrapper.h">
      <Filter>cf</Filter>
    </ClInclude>
    <ClInclude Include="cf\debug_new.h">
      <Filter>cf</Filter>
    </ClInclude>
  </ItemGroup>
  <ItemGroup>
    <ClCompile Include="src\Logger.cpp">
      <Filter>Source Files</Filter>
    </ClCompile>
    <ClCompile Include="src\ButlerThread.cpp">
      <Filter>Source Files</Filter>
    </ClCompile>
    <ClCompile Include="src\globals.cpp">
      <Filter>Source Files</Filter>
    </ClCompile>
    <ClCompile Include="tlsf\tlsf.c">
      <Filter>tlsf</Filter>
    </ClCompile>
    <ClCompile Include="src\TlsfAllocator.cpp">
      <Filter>Source Files</Filter>
    </ClCompile>
  </ItemGroup>
</Project>