<?xml version="1.0" encoding="utf-8"?>
<Project ToolsVersion="4.0" xmlns="http://schemas.microsoft.com/developer/msbuild/2003">
  <ItemGroup>
    <Filter Include="Source Files">
      <UniqueIdentifier>{4FC737F1-C7A5-4376-A066-2A32D752A2FF}</UniqueIdentifier>
      <Extensions>cpp;c;cc;cxx;def;odl;idl;hpj;bat;asm;asmx</Extensions>
    </Filter>
    <Filter Include="Header Files">
      <UniqueIdentifier>{93995380-89BD-4b04-88EB-625FBE52EBFB}</UniqueIdentifier>
      <Extensions>h;hpp;hxx;hm;inl;inc;xsd</Extensions>
    </Filter>
    <Filter Include="Resource Files">
      <UniqueIdentifier>{67DA6AB6-F800-4c08-8B7A-83BB121AAD01}</UniqueIdentifier>
      <Extensions>rc;ico;cur;bmp;dlg;rc2;rct;bin;rgs;gif;jpg;jpeg;jpe;resx;tiff;tif;png;wav;mfcribbon-ms</Extensions>
    </Filter>
    <Filter Include="Data">
      <UniqueIdentifier>{fa9086e7-3bfb-48a1-b171-00a5547dc61a}</UniqueIdentifier>
    </Filter>
  </ItemGroup>
  <ItemGroup>
    <ClInclude Include="src\InstrumentGrammar.h">
      <Filter>Header Files</Filter>
    </ClInclude>
    <ClInclude Include="src\CommentSkipper.h">
      <Filter>Header Files</Filter>
    </ClInclude>
    <ClInclude Include="src\ErrorHandler.h">
      <Filter>Header Files</Filter>
    </ClInclude>
    <ClInclude Include="Data\InstrumentPatch.h">
      <Filter>Data</Filter>
    </ClInclude>
    <ClInclude Include="Data\InstrumentParser.h">
      <Filter>Data</Filter>
    </ClInclude>
    <ClInclude Include="Data\Instrument.h">
      <Filter>Data</Filter>
    </ClInclude>
    <ClInclude Include="src\InstrumentAdapters.h">
      <Filter>Header Files</Filter>
    </ClInclude>
    <ClInclude Include="src\keyswitch.h">
      <Filter>Header Files</Filter>
    </ClInclude>
    <ClInclude Include="Data\Track.h">
      <Filter>Data</Filter>
    </ClInclude>
    <ClInclude Include="Data\Score.h">
      <Filter>Data</Filter>
    </ClInclude>
    <ClInclude Include="src\ScoreAdapters.h">
      <Filter>Header Files</Filter>
    </ClInclude>
    <ClInclude Include="src\ScoreGrammar.h">
      <Filter>Header Files</Filter>
    </ClInclude>
    <ClInclude Include="Data\ScoreParser.h">
      <Filter>Data</Filter>
    </ClInclude>
    <ClInclude Include="src\parse.h">
      <Filter>Header Files</Filter>
    </ClInclude>
    <ClInclude Include="Data\BeatPattern.h">
      <Filter>Data</Filter>
    </ClInclude>
    <ClInclude Include="Data\Beat.h">
      <Filter>Data</Filter>
    </ClInclude>
    <ClInclude Include="Data\BeatPatternParser.h">
      <Filter>Data</Filter>
    </ClInclude>
    <ClInclude Include="src\BeatPatternAdapters.h">
      <Filter>Header Files</Filter>
    </ClInclude>
    <ClInclude Include="src\BeatPatternGrammar.h">
      <Filter>Header Files</Filter>
    </ClInclude>
    <ClInclude Include="src\time_signature.h">
      <Filter>Header Files</Filter>
    </ClInclude>
    <ClInclude Include="Data\ScorePosition.h">
      <Filter>Data</Filter>
    </ClInclude>
    <ClInclude Include="src\score_position.h">
      <Filter>Header Files</Filter>
    </ClInclude>
    <ClInclude Include="Data\ScoreEvent.h">
      <Filter>Data</Filter>
    </ClInclude>
    <ClInclude Include="src\score_event.h">
      <Filter>Header Files</Filter>
    </ClInclude>
    <ClInclude Include="Data\ParseException.h">
      <Filter>Data</Filter>
    </ClInclude>
  </ItemGroup>
  <ItemGroup>
    <ClCompile Include="src\InstrumentParser.cpp">
      <Filter>Source Files</Filter>
    </ClCompile>
    <ClCompile Include="src\ScoreParser.cpp">
      <Filter>Source Files</Filter>
    </ClCompile>
    <ClCompile Include="src\BeatPatternParser.cpp">
      <Filter>Source Files</Filter>
    </ClCompile>
  </ItemGroup>
</Project>