// !$*UTF8*$!
{
	archiveVersion = 1;
	classes = {
	};
	objectVersion = 45;
	objects = {

		A08C6696864DDBA0F7916C19 = { isa = PBXBuildFile; fileRef = E64BE74122C456F2C7B1A9A7; };
		48A985465332C88B3EE3FAFC = { isa = PBXBuildFile; fileRef = D45BE27101A41B3088AFEC37; };
		0C85BAF3C0D76D5C1559498E = { isa = PBXBuildFile; fileRef = 9505638B6B63DAA4C76021A3; };
		D35AA0C4E59C13F639002DA6 = { isa = PBXBuildFile; fileRef = 4512051CEDD558E121244308; };
		57F7E3B65D752ADC0B1743EE = { isa = PBXBuildFile; fileRef = 7CED34F472C1E36022E51DB0; };
		BDD9313457B3248E7646270A = { isa = PBXBuildFile; fileRef = 364B725E8DB7A76446770178; };
		93D6F7BF9F655EADCFC476D4 = { isa = PBXBuildFile; fileRef = 96B7F6F4629C5CD3C4D68E73; };
		2B2121F5048DB07C853EB60D = { isa = PBXBuildFile; fileRef = FFC7056A7A408199559805AD; };
		247FB4F6556D1D5F5AE63502 = { isa = PBXBuildFile; fileRef = B80DA2D371E1B6519BA76205; };
		6C898F97711C06122CCA1CB7 = { isa = PBXBuildFile; fileRef = B4752AB7B4AF4A0864785F44; };
		BF0FF7776A425577AD25725C = { isa = PBXBuildFile; fileRef = 5B92DB47546854A6C8590A71; };
		67DD06E984C6D2B4D00CBF52 = { isa = PBXBuildFile; fileRef = 05B81D6D5C5CF57418BB90EE; };
		4E1B7E67CB09BA05D7D01947 = { isa = PBXBuildFile; fileRef = A92D672689E267E2BFFCFAE7; };
		14B4DA2A497F1AB73C42D441 = { isa = PBXBuildFile; fileRef = 2016356922598DC249AEBFEF; };
		86F141FB6ABC9F284926F188 = { isa = PBXBuildFile; fileRef = D3278304D77791DC98190C4F; };
		75CD4A230F12ED98EA9C5E81 = { isa = PBXBuildFile; fileRef = 4E01F2D3B4BB5A53D68E1B6B; };
		8DD046F87B9E64B36FB0779C = { isa = PBXBuildFile; fileRef = 15E46EF7D1FADF3167CA5082; };
		9966569947593ACB8995BB97 = { isa = PBXBuildFile; fileRef = 6E0A37F3EEE652654BAED3C1; };
		A50D662A232501D3B47AFFA2 = { isa = PBXBuildFile; fileRef = A72100FE0BC1C5882F825701; };
		A19376CB0FE0C8EBEE4F34AD = { isa = PBXBuildFile; fileRef = F158D8EA17BC48BBF375EA50; };
		E64BE74122C456F2C7B1A9A7 = { isa = PBXFileReference; lastKnownFileType = wrapper.framework; name = AudioToolbox.framework; path = System/Library/Frameworks/AudioToolbox.framework; sourceTree = SDKROOT; };
		D45BE27101A41B3088AFEC37 = { isa = PBXFileReference; lastKnownFileType = wrapper.framework; name = Carbon.framework; path = System/Library/Frameworks/Carbon.framework; sourceTree = SDKROOT; };
		9505638B6B63DAA4C76021A3 = { isa = PBXFileReference; lastKnownFileType = wrapper.framework; name = Cocoa.framework; path = System/Library/Frameworks/Cocoa.framework; sourceTree = SDKROOT; };
		4512051CEDD558E121244308 = { isa = PBXFileReference; lastKnownFileType = wrapper.framework; name = CoreAudio.framework; path = System/Library/Frameworks/CoreAudio.framework; sourceTree = SDKROOT; };
		7CED34F472C1E36022E51DB0 = { isa = PBXFileReference; lastKnownFileType = wrapper.framework; name = CoreMIDI.framework; path = System/Library/Frameworks/CoreMIDI.framework; sourceTree = SDKROOT; };
		364B725E8DB7A76446770178 = { isa = PBXFileReference; lastKnownFileType = wrapper.framework; name = DiscRecording.framework; path = System/Library/Frameworks/DiscRecording.framework; sourceTree = SDKROOT; };
		96B7F6F4629C5CD3C4D68E73 = { isa = PBXFileReference; lastKnownFileType = wrapper.framework; name = IOKit.framework; path = System/Library/Frameworks/IOKit.framework; sourceTree = SDKROOT; };
		FFC7056A7A408199559805AD = { isa = PBXFileReference; lastKnownFileType = wrapper.framework; name = OpenGL.framework; path = System/Library/Frameworks/OpenGL.framework; sourceTree = SDKROOT; };
		B80DA2D371E1B6519BA76205 = { isa = PBXFileReference; lastKnownFileType = wrapper.framework; name = QTKit.framework; path = System/Library/Frameworks/QTKit.framework; sourceTree = SDKROOT; };
		B4752AB7B4AF4A0864785F44 = { isa = PBXFileReference; lastKnownFileType = wrapper.framework; name = QuartzCore.framework; path = System/Library/Frameworks/QuartzCore.framework; sourceTree = SDKROOT; };
		5B92DB47546854A6C8590A71 = { isa = PBXFileReference; lastKnownFileType = wrapper.framework; name = QuickTime.framework; path = System/Library/Frameworks/QuickTime.framework; sourceTree = SDKROOT; };
		05B81D6D5C5CF57418BB90EE = { isa = PBXFileReference; lastKnownFileType = wrapper.framework; name = WebKit.framework; path = System/Library/Frameworks/WebKit.framework; sourceTree = SDKROOT; };
		9397211B542EC1BAC2F9E907 = { isa = PBXFileReference; explicitFileType = wrapper.cfbundle; includeInIndex = 0; path = CFPlugin.component; sourceTree = "BUILT_PRODUCTS_DIR"; };
		757B801D95450BB992879D85 = { isa = PBXFileReference; lastKnownFileType = text.plist.xml; name = Info.plist; path = Info.plist; sourceTree = "SOURCE_ROOT"; };
		A92D672689E267E2BFFCFAE7 = { isa = PBXFileReference; lastKnownFileType = sourcecode.cpp.cpp; name = PluginProcessor.cpp; path = ../../Source/PluginProcessor.cpp; sourceTree = "SOURCE_ROOT"; };
		C34551218C77FC93B22187C3 = { isa = PBXFileReference; lastKnownFileType = sourcecode.c.h; name = PluginProcessor.h; path = ../../Source/PluginProcessor.h; sourceTree = "SOURCE_ROOT"; };
		2016356922598DC249AEBFEF = { isa = PBXFileReference; lastKnownFileType = sourcecode.cpp.cpp; name = PluginEditor.cpp; path = ../../Source/PluginEditor.cpp; sourceTree = "SOURCE_ROOT"; };
		694A29839EC64A89EA5C3F0A = { isa = PBXFileReference; lastKnownFileType = sourcecode.c.h; name = PluginEditor.h; path = ../../Source/PluginEditor.h; sourceTree = "SOURCE_ROOT"; };
		D3278304D77791DC98190C4F = { isa = PBXFileReference; lastKnownFileType = sourcecode.cpp.cpp; name = "juce_VST_Wrapper.cpp"; path = "../..//src/audio/plugin_client/VST/juce_VST_Wrapper.cpp"; sourceTree = "SOURCE_ROOT"; };
		4E01F2D3B4BB5A53D68E1B6B = { isa = PBXFileReference; lastKnownFileType = sourcecode.cpp.objcpp; name = "juce_VST_Wrapper.mm"; path = "../..//src/audio/plugin_client/VST/juce_VST_Wrapper.mm"; sourceTree = "SOURCE_ROOT"; };
		590645A78414D7C3A3EF9CC5 = { isa = PBXFileReference; lastKnownFileType = sourcecode.c.h; name = AppConfig.h; path = ../../JuceLibraryCode/AppConfig.h; sourceTree = "SOURCE_ROOT"; };
		00822C4486DE0C2307FB0025 = { isa = PBXFileReference; lastKnownFileType = sourcecode.c.h; name = JuceHeader.h; path = ../../JuceLibraryCode/JuceHeader.h; sourceTree = "SOURCE_ROOT"; };
		15E46EF7D1FADF3167CA5082 = { isa = PBXFileReference; lastKnownFileType = sourcecode.cpp.objcpp; name = JuceLibraryCode1.mm; path = ../../JuceLibraryCode/JuceLibraryCode1.mm; sourceTree = "SOURCE_ROOT"; };
		6E0A37F3EEE652654BAED3C1 = { isa = PBXFileReference; lastKnownFileType = sourcecode.cpp.objcpp; name = JuceLibraryCode2.mm; path = ../../JuceLibraryCode/JuceLibraryCode2.mm; sourceTree = "SOURCE_ROOT"; };
		A72100FE0BC1C5882F825701 = { isa = PBXFileReference; lastKnownFileType = sourcecode.cpp.objcpp; name = JuceLibraryCode3.mm; path = ../../JuceLibraryCode/JuceLibraryCode3.mm; sourceTree = "SOURCE_ROOT"; };
		F158D8EA17BC48BBF375EA50 = { isa = PBXFileReference; lastKnownFileType = sourcecode.cpp.objcpp; name = JuceLibraryCode4.mm; path = ../../JuceLibraryCode/JuceLibraryCode4.mm; sourceTree = "SOURCE_ROOT"; };
		D39FE372ACE22A9C716DF2B9 = { isa = PBXFileReference; lastKnownFileType = sourcecode.c.h; name = JucePluginCharacteristics.h; path = ../../JuceLibraryCode/JucePluginCharacteristics.h; sourceTree = "SOURCE_ROOT"; };
		53B41BC63882E1A054160A62 = { isa = PBXGroup; children = (
				A92D672689E267E2BFFCFAE7,
				C34551218C77FC93B22187C3,
				2016356922598DC249AEBFEF,
				694A29839EC64A89EA5C3F0A ); name = Source; sourceTree = "<group>"; };
		B2FCEFAAD11EC39452D280E1 = { isa = PBXGroup; children = (
				53B41BC63882E1A054160A62 ); name = CFPlugin; sourceTree = "<group>"; };
		AB165908CDFA438981B79033 = { isa = PBXGroup; children = (
				D3278304D77791DC98190C4F,
				4E01F2D3B4BB5A53D68E1B6B ); name = "Juce VST Wrapper"; sourceTree = "<group>"; };
		B7FD0AFA4C15F01EBD6301E6 = { isa = PBXGroup; children = (
				590645A78414D7C3A3EF9CC5,
				00822C4486DE0C2307FB0025,
				15E46EF7D1FADF3167CA5082,
				6E0A37F3EEE652654BAED3C1,
				A72100FE0BC1C5882F825701,
				F158D8EA17BC48BBF375EA50,
				D39FE372ACE22A9C716DF2B9 ); name = "Juce Library Code"; sourceTree = "<group>"; };
		7B6B7ADE9081354B8D77F607 = { isa = PBXGroup; children = (
				757B801D95450BB992879D85 ); name = Resources; sourceTree = "<group>"; };
		8E1A30A377FAD734FDC5B169 = { isa = PBXGroup; children = (
				E64BE74122C456F2C7B1A9A7,
				D45BE27101A41B3088AFEC37,
				9505638B6B63DAA4C76021A3,
				4512051CEDD558E121244308,
				7CED34F472C1E36022E51DB0,
				364B725E8DB7A76446770178,
				96B7F6F4629C5CD3C4D68E73,
				FFC7056A7A408199559805AD,
				B80DA2D371E1B6519BA76205,
				B4752AB7B4AF4A0864785F44,
				5B92DB47546854A6C8590A71,
				05B81D6D5C5CF57418BB90EE ); name = Frameworks; sourceTree = "<group>"; };
		9A2F0D2FD63A427BD8CA05C5 = { isa = PBXGroup; children = (
				9397211B542EC1BAC2F9E907 ); name = Products; sourceTree = "<group>"; };
		81E852892E65E8D5F3F3E52D = { isa = PBXGroup; children = (
				B2FCEFAAD11EC39452D280E1,
				AB165908CDFA438981B79033,
				B7FD0AFA4C15F01EBD6301E6,
				7B6B7ADE9081354B8D77F607,
				8E1A30A377FAD734FDC5B169,
				9A2F0D2FD63A427BD8CA05C5 ); name = Source; sourceTree = "<group>"; };
		6F39D4485A9DB219E2CC8356 = { isa = XCBuildConfiguration; buildSettings = {
				PREBINDING = NO;
				HEADER_SEARCH_PATHS = "~/SDKs/vstsdk2.4 $(inherited)";
				GCC_OPTIMIZATION_LEVEL = 0;
				INFOPLIST_FILE = Info.plist;
				INSTALL_PATH = "$(HOME)/Library/Audio/Plug-Ins/Components/";
				LIBRARY_STYLE = Bundle;
				WRAPPER_EXTENSION = component;
				GENERATE_PKGINFO_FILE = YES;
				OTHER_REZFLAGS = "-d ppc_$ppc -d i386_$i386 -d ppc64_$ppc64 -d x86_64_$x86_64 -I /System/Library/Frameworks/CoreServices.framework/Frameworks/CarbonCore.framework/Versions/A/Headers -I \"$(DEVELOPER_DIR)/Extras/CoreAudio/AudioUnits/AUPublic/AUBase\"";
				MACOSX_DEPLOYMENT_TARGET_ppc = 10.4;
				OTHER_LDFLAGS = "-bundle";
				ONLY_ACTIVE_ARCH = YES;
				COPY_PHASE_STRIP = NO;
				GCC_DYNAMIC_NO_PIC = NO;
				GCC_ENABLE_FIX_AND_CONTINUE = NO;
				GCC_PREPROCESSOR_DEFINITIONS = (
				"_DEBUG=1",
				"DEBUG=1",
				"JUCE_ObjCExtraSuffix=cJMTe",
				"JUCER_XCODE_MAC_F6D2F4CF=1"); }; name = Debug; };
		F8D56DBB74044803F818022E = { isa = XCBuildConfiguration; buildSettings = {
				PREBINDING = NO;
				HEADER_SEARCH_PATHS = "~/SDKs/vstsdk2.4 $(inherited)";
				GCC_OPTIMIZATION_LEVEL = s;
				INFOPLIST_FILE = Info.plist;
				INSTALL_PATH = "$(HOME)/Library/Audio/Plug-Ins/Components/";
				LIBRARY_STYLE = Bundle;
				WRAPPER_EXTENSION = component;
				GENERATE_PKGINFO_FILE = YES;
				OTHER_REZFLAGS = "-d ppc_$ppc -d i386_$i386 -d ppc64_$ppc64 -d x86_64_$x86_64 -I /System/Library/Frameworks/CoreServices.framework/Frameworks/CarbonCore.framework/Versions/A/Headers -I \"$(DEVELOPER_DIR)/Extras/CoreAudio/AudioUnits/AUPublic/AUBase\"";
				MACOSX_DEPLOYMENT_TARGET_ppc = 10.4;
				OTHER_LDFLAGS = "-bundle";
				GCC_GENERATE_DEBUGGING_SYMBOLS = NO;
				GCC_SYMBOLS_PRIVATE_EXTERN = YES;
				GCC_PREPROCESSOR_DEFINITIONS = (
				"_NDEBUG=1",
				"NDEBUG=1",
				"JUCE_ObjCExtraSuffix=cJMTe",
				"JUCER_XCODE_MAC_F6D2F4CF=1"); }; name = Release; };
		EA882B75399FB70201B787EA = { isa = XCBuildConfiguration; buildSettings = {
				ALWAYS_SEARCH_USER_PATHS = NO;
				GCC_C_LANGUAGE_STANDARD = c99;
				GCC_WARN_ABOUT_RETURN_TYPE = YES;
				GCC_WARN_CHECK_SWITCH_STATEMENTS = YES;
				GCC_WARN_UNUSED_VARIABLE = YES;
				GCC_WARN_MISSING_PARENTHESES = YES;
				GCC_WARN_NON_VIRTUAL_DESTRUCTOR = YES;
				GCC_WARN_TYPECHECK_CALLS_TO_PRINTF = YES;
				WARNING_CFLAGS = -Wreorder;
				GCC_MODEL_TUNING = G5;
				GCC_INLINES_ARE_PRIVATE_EXTERN = YES;
				ZERO_LINK = NO;
				DEBUG_INFORMATION_FORMAT = "dwarf";
				PRODUCT_NAME = "CFPlugin"; }; name = Debug; };
		DD0EDED11256C987268699FE = { isa = XCBuildConfiguration; buildSettings = {
				ALWAYS_SEARCH_USER_PATHS = NO;
				GCC_C_LANGUAGE_STANDARD = c99;
				GCC_WARN_ABOUT_RETURN_TYPE = YES;
				GCC_WARN_CHECK_SWITCH_STATEMENTS = YES;
				GCC_WARN_UNUSED_VARIABLE = YES;
				GCC_WARN_MISSING_PARENTHESES = YES;
				GCC_WARN_NON_VIRTUAL_DESTRUCTOR = YES;
				GCC_WARN_TYPECHECK_CALLS_TO_PRINTF = YES;
				WARNING_CFLAGS = -Wreorder;
				GCC_MODEL_TUNING = G5;
				GCC_INLINES_ARE_PRIVATE_EXTERN = YES;
				ZERO_LINK = NO;
				DEBUG_INFORMATION_FORMAT = "dwarf";
				PRODUCT_NAME = "CFPlugin"; }; name = Release; };
		9500879BA56AEDEE731664C7 = { isa = XCConfigurationList; buildConfigurations = (
				EA882B75399FB70201B787EA,
				DD0EDED11256C987268699FE ); defaultConfigurationIsVisible = 0; defaultConfigurationName = Debug; };
		3D33A4D695CE9635121699BB = { isa = XCConfigurationList; buildConfigurations = (
				6F39D4485A9DB219E2CC8356,
				F8D56DBB74044803F818022E ); defaultConfigurationIsVisible = 0; defaultConfigurationName = Debug; };
		1872A5CEFE05BAE77067FE70 = { isa = PBXResourcesBuildPhase; buildActionMask = 2147483647; files = (  ); runOnlyForDeploymentPostprocessing = 0; };
		E419A12DCD01C444E979322C = { isa = PBXSourcesBuildPhase; buildActionMask = 2147483647; files = (
				4E1B7E67CB09BA05D7D01947,
				14B4DA2A497F1AB73C42D441,
				86F141FB6ABC9F284926F188,
				75CD4A230F12ED98EA9C5E81,
				8DD046F87B9E64B36FB0779C,
				9966569947593ACB8995BB97,
				A50D662A232501D3B47AFFA2,
				A19376CB0FE0C8EBEE4F34AD ); runOnlyForDeploymentPostprocessing = 0; };
		992ED277A6FD0E5C634B212E = { isa = PBXFrameworksBuildPhase; buildActionMask = 2147483647; files = (
				A08C6696864DDBA0F7916C19,
				48A985465332C88B3EE3FAFC,
				0C85BAF3C0D76D5C1559498E,
				D35AA0C4E59C13F639002DA6,
				57F7E3B65D752ADC0B1743EE,
				BDD9313457B3248E7646270A,
				93D6F7BF9F655EADCFC476D4,
				2B2121F5048DB07C853EB60D,
				247FB4F6556D1D5F5AE63502,
				6C898F97711C06122CCA1CB7,
				BF0FF7776A425577AD25725C,
				67DD06E984C6D2B4D00CBF52 ); runOnlyForDeploymentPostprocessing = 0; };
		0A68A595D3D11ED13939B1F9 = { isa = PBXShellScriptBuildPhase; buildActionMask = 2147483647; files = (  ); runOnlyForDeploymentPostprocessing = 0; name = "Copy to the different plugin folders"; shellPath = /bin/sh; shellScript = "\n# This script takes the build product and copies it to the AU, VST, and RTAS folders, depending on \n# which plugin types you've built\n\noriginal=$CONFIGURATION_BUILD_DIR/$FULL_PRODUCT_NAME\n\n# this looks inside the binary to detect which platforms are needed.. \ncopyAU=`nm -g \"$CONFIGURATION_BUILD_DIR/$EXECUTABLE_PATH\" | grep -i 'AudioUnit' | wc -l`\ncopyVST=`nm -g \"$CONFIGURATION_BUILD_DIR/$EXECUTABLE_PATH\" | grep -i 'VSTPlugin' | wc -l`\ncopyRTAS=`nm -g \"$CONFIGURATION_BUILD_DIR/$EXECUTABLE_PATH\" | grep -i 'CProcess' | wc -l`\n\nif [ $copyAU -gt 0 ]; then\n  echo \"Copying to AudioUnit folder...\"\n  AU=~/Library/Audio/Plug-Ins/Components/$PRODUCT_NAME.component\n  if [ -d \"$AU\" ]; then \n    rm -r \"$AU\"\n  fi\n\n  cp -r \"$original\" \"$AU\"\n  sed -i \"\" -e 's/TDMwPTul/BNDLPTul/g' \"$AU/Contents/PkgInfo\"\n  sed -i \"\" -e 's/TDMw/BNDL/g' \"$AU/Contents/$INFOPLIST_FILE\"\nfi\n\nif [ $copyVST -gt 0 ]; then\n  echo \"Copying to VST folder...\"\n  VST=~/Library/Audio/Plug-Ins/VST/$PRODUCT_NAME.vst\n  if [ -d \"$VST\" ]; then \n    rm -r \"$VST\"\n  fi\n\n  cp -r \"$original\" \"$VST\"\n  sed -i \"\" -e 's/TDMwPTul/BNDLPTul/g' \"$VST/Contents/PkgInfo\"\n  sed -i \"\" -e 's/TDMw/BNDL/g' \"$VST/Contents/$INFOPLIST_FILE\"\nfi\n\nif [ $copyRTAS -gt 0 ]; then\n  echo \"Copying to RTAS folder...\"\n  RTAS=/Library/Application\\ Support/Digidesign/Plug-Ins/$PRODUCT_NAME.dpm\n  if [ -d \"$RTAS\" ]; then\n    rm -r \"$RTAS\"\n  fi\n\n  cp -r \"$original\" \"$RTAS\"\nfi\n"; };
		6D4A2B8A4B70237A94D5ADEB = { isa = PBXNativeTarget; buildConfigurationList = 3D33A4D695CE9635121699BB; buildPhases = (
				1872A5CEFE05BAE77067FE70,
				E419A12DCD01C444E979322C,
				992ED277A6FD0E5C634B212E,
				0A68A595D3D11ED13939B1F9 ); buildRules = ( ); dependencies = ( ); name = CFPlugin; productName = CFPlugin; productReference = 9397211B542EC1BAC2F9E907; productInstallPath = "$(HOME)/Library/Audio/Plug-Ins/Components/"; productType = "com.apple.product-type.bundle"; };
		58E3BED34C96416B0FCBC233 = { isa = PBXProject; buildConfigurationList = 9500879BA56AEDEE731664C7; compatibilityVersion = "Xcode 3.1"; hasScannedForEncodings = 0; mainGroup = 81E852892E65E8D5F3F3E52D; projectDirPath = ""; projectRoot = ""; targets = ( 6D4A2B8A4B70237A94D5ADEB ); };
	};
	rootObject = 58E3BED34C96416B0FCBC233;
}
